
Microsoft Visual Studio Solution File, Format Version 12.00
# Visual Studio 15
Project("{FAE04EC0-301F-11D3-BF4B-00C04F79EFBC}") = "SortExtensions.Tests", "tests\SortExtensions.Tests\SortExtensions.Tests.csproj", "{616C6B5A-48D6-48EE-BE2E-1640D3614887}"
EndProject
Project("{2150E333-8FDC-42A3-9474-1A3956D46DE8}") = "tests", "tests", "{F094EB5D-D3BB-449E-8DE3-C878594C3108}"
EndProject
Project("{2150E333-8FDC-42A3-9474-1A3956D46DE8}") = "src", "src", "{93C70554-2D58-410A-A297-7CB17CB83357}"
EndProject
Project("{FAE04EC0-301F-11D3-BF4B-00C04F79EFBC}") = "SortExtensions", "src\SortExtensions\SortExtensions.csproj", "{4DBBE817-7080-4A0D-9C42-D52FB3177A1A}"
EndProject
Project("{FAE04EC0-301F-11D3-BF4B-00C04F79EFBC}") = "SearchExtensions", "src\SearchExtensions\SearchExtensions.csproj", "{C128A9CB-F96C-4571-95C8-430D134C55DB}"
EndProject
Project("{FAE04EC0-301F-11D3-BF4B-00C04F79EFBC}") = "SearchExtensions.Tests", "tests\SearchExtensions.Tests\SearchExtensions.Tests.csproj", "{78AC700A-748B-46B3-B478-3767FAD89FE1}"
EndProject
Project("{2150E333-8FDC-42A3-9474-1A3956D46DE8}") = "benchmarks", "benchmarks", "{0E26CEE7-AC68-46FF-9298-1E0497074AF4}"
EndProject
Project("{FAE04EC0-301F-11D3-BF4B-00C04F79EFBC}") = "SortExtensions.Benchmarks", "benchmarks\SortExtensions.Benchmarks\SortExtensions.Benchmarks.csproj", "{2FF71AEA-7B1E-461C-AD6C-7B5BA61C28D2}"
EndProject
Global
	GlobalSection(SolutionConfigurationPlatforms) = preSolution
		Debug|Any CPU = Debug|Any CPU
		Release|Any CPU = Release|Any CPU
	EndGlobalSection
	GlobalSection(ProjectConfigurationPlatforms) = postSolution
		{616C6B5A-48D6-48EE-BE2E-1640D3614887}.Debug|Any CPU.ActiveCfg = Debug|Any CPU
		{616C6B5A-48D6-48EE-BE2E-1640D3614887}.Debug|Any CPU.Build.0 = Debug|Any CPU
		{616C6B5A-48D6-48EE-BE2E-1640D3614887}.Release|Any CPU.ActiveCfg = Release|Any CPU
		{616C6B5A-48D6-48EE-BE2E-1640D3614887}.Release|Any CPU.Build.0 = Release|Any CPU
		{4DBBE817-7080-4A0D-9C42-D52FB3177A1A}.Debug|Any CPU.ActiveCfg = Debug|Any CPU
		{4DBBE817-7080-4A0D-9C42-D52FB3177A1A}.Debug|Any CPU.Build.0 = Debug|Any CPU
		{4DBBE817-7080-4A0D-9C42-D52FB3177A1A}.Release|Any CPU.ActiveCfg = Release|Any CPU
		{4DBBE817-7080-4A0D-9C42-D52FB3177A1A}.Release|Any CPU.Build.0 = Release|Any CPU
		{C128A9CB-F96C-4571-95C8-430D134C55DB}.Debug|Any CPU.ActiveCfg = Debug|Any CPU
		{C128A9CB-F96C-4571-95C8-430D134C55DB}.Debug|Any CPU.Build.0 = Debug|Any CPU
		{C128A9CB-F96C-4571-95C8-430D134C55DB}.Release|Any CPU.ActiveCfg = Release|Any CPU
		{C128A9CB-F96C-4571-95C8-430D134C55DB}.Release|Any CPU.Build.0 = Release|Any CPU
		{78AC700A-748B-46B3-B478-3767FAD89FE1}.Debug|Any CPU.ActiveCfg = Debug|Any CPU
		{78AC700A-748B-46B3-B478-3767FAD89FE1}.Debug|Any CPU.Build.0 = Debug|Any CPU
		{78AC700A-748B-46B3-B478-3767FAD89FE1}.Release|Any CPU.ActiveCfg = Release|Any CPU
		{78AC700A-748B-46B3-B478-3767FAD89FE1}.Release|Any CPU.Build.0 = Release|Any CPU
		{2FF71AEA-7B1E-461C-AD6C-7B5BA61C28D2}.Debug|Any CPU.ActiveCfg = Debug|Any CPU
		{2FF71AEA-7B1E-461C-AD6C-7B5BA61C28D2}.Debug|Any CPU.Build.0 = Debug|Any CPU
		{2FF71AEA-7B1E-461C-AD6C-7B5BA61C28D2}.Release|Any CPU.ActiveCfg = Release|Any CPU
		{2FF71AEA-7B1E-461C-AD6C-7B5BA61C28D2}.Release|Any CPU.Build.0 = Release|Any CPU
	EndGlobalSection
	GlobalSection(NestedProjects) = preSolution
		{616C6B5A-48D6-48EE-BE2E-1640D3614887} = {F094EB5D-D3BB-449E-8DE3-C878594C3108}
		{4DBBE817-7080-4A0D-9C42-D52FB3177A1A} = {93C70554-2D58-410A-A297-7CB17CB83357}
		{C128A9CB-F96C-4571-95C8-430D134C55DB} = {93C70554-2D58-410A-A297-7CB17CB83357}
		{78AC700A-748B-46B3-B478-3767FAD89FE1} = {F094EB5D-D3BB-449E-8DE3-C878594C3108}
		{2FF71AEA-7B1E-461C-AD6C-7B5BA61C28D2} = {0E26CEE7-AC68-46FF-9298-1E0497074AF4}
	EndGlobalSection
EndGlobal
