
Microsoft Visual Studio Solution File, Format Version 12.00
# Visual Studio 15
Project("{FAE04EC0-301F-11D3-BF4B-00C04F79EFBC}") = "SortExtensions.Tests", "tests\SortExtensions.Tests\SortExtensions.Tests.csproj", "{616C6B5A-48D6-48EE-BE2E-1640D3614887}"
EndProject
Project("{2150E333-8FDC-42A3-9474-1A3956D46DE8}") = "tests", "tests", "{F094EB5D-D3BB-449E-8DE3-C878594C3108}"
EndProject
Project("{2150E333-8FDC-42A3-9474-1A3956D46DE8}") = "src", "src", "{93C70554-2D58-410A-A297-7CB17CB83357}"
EndProject
Project("{FAE04EC0-301F-11D3-BF4B-00C04F79EFBC}") = "SortExtensions", "src\SortExtensions\SortExtensions.csproj", "{4DBBE817-7080-4A0D-9C42-D52FB3177A1A}"
EndProject
Project("{2150E333-8FDC-42A3-9474-1A3956D46DE8}") = "SolutionItems", "SolutionItems", "{D360B8EC-3712-43B0-9EFF-CFF1158AB025}"
ProjectSection(SolutionItems) = preProject
	README.md = README.md
	LICENSE = LICENSE
EndProjectSection
EndProject
Project("{FAE04EC0-301F-11D3-BF4B-00C04F79EFBC}") = "SearchExtensions", "src\SearchExtensions\SearchExtensions.csproj", "{C128A9CB-F96C-4571-95C8-430D134C55DB}"
EndProject
Project("{FAE04EC0-301F-11D3-BF4B-00C04F79EFBC}") = "SearchExtensions.Tests", "tests\SearchExtensions.Tests\SearchExtensions.Tests.csproj", "{78AC700A-748B-46B3-B478-3767FAD89FE1}"
EndProject
Project("{FAE04EC0-301F-11D3-BF4B-00C04F79EFBC}") = "HelpfulExtensions", "src\HelpfulExtensions\HelpfulExtensions.csproj", "{2DB0EB85-4B01-4074-95D6-333A0741B377}"
EndProject
Project("{2150E333-8FDC-42A3-9474-1A3956D46DE8}") = "Benchmarks", "Benchmarks", "{0E26CEE7-AC68-46FF-9298-1E0497074AF4}"
EndProject
Project("{FAE04EC0-301F-11D3-BF4B-00C04F79EFBC}") = "SortExtensions.Benchmarks", "SortExtensions.Benchmarks\SortExtensions.Benchmarks.csproj", "{059D8D98-615B-48D2-A6C4-EE3FAF9FCA86}"
EndProject
Global
	GlobalSection(SolutionConfigurationPlatforms) = preSolution
		Debug|Any CPU = Debug|Any CPU
		Release|Any CPU = Release|Any CPU
	EndGlobalSection
	GlobalSection(ProjectConfigurationPlatforms) = postSolution
		{616C6B5A-48D6-48EE-BE2E-1640D3614887}.Debug|Any CPU.ActiveCfg = Debug|Any CPU
		{616C6B5A-48D6-48EE-BE2E-1640D3614887}.Debug|Any CPU.Build.0 = Debug|Any CPU
		{616C6B5A-48D6-48EE-BE2E-1640D3614887}.Release|Any CPU.ActiveCfg = Release|Any CPU
		{616C6B5A-48D6-48EE-BE2E-1640D3614887}.Release|Any CPU.Build.0 = Release|Any CPU
		{4DBBE817-7080-4A0D-9C42-D52FB3177A1A}.Debug|Any CPU.ActiveCfg = Debug|Any CPU
		{4DBBE817-7080-4A0D-9C42-D52FB3177A1A}.Debug|Any CPU.Build.0 = Debug|Any CPU
		{4DBBE817-7080-4A0D-9C42-D52FB3177A1A}.Release|Any CPU.ActiveCfg = Release|Any CPU
		{4DBBE817-7080-4A0D-9C42-D52FB3177A1A}.Release|Any CPU.Build.0 = Release|Any CPU
		{C128A9CB-F96C-4571-95C8-430D134C55DB}.Debug|Any CPU.ActiveCfg = Debug|Any CPU
		{C128A9CB-F96C-4571-95C8-430D134C55DB}.Debug|Any CPU.Build.0 = Debug|Any CPU
		{C128A9CB-F96C-4571-95C8-430D134C55DB}.Release|Any CPU.ActiveCfg = Release|Any CPU
		{C128A9CB-F96C-4571-95C8-430D134C55DB}.Release|Any CPU.Build.0 = Release|Any CPU
		{78AC700A-748B-46B3-B478-3767FAD89FE1}.Debug|Any CPU.ActiveCfg = Debug|Any CPU
		{78AC700A-748B-46B3-B478-3767FAD89FE1}.Debug|Any CPU.Build.0 = Debug|Any CPU
		{78AC700A-748B-46B3-B478-3767FAD89FE1}.Release|Any CPU.ActiveCfg = Release|Any CPU
		{78AC700A-748B-46B3-B478-3767FAD89FE1}.Release|Any CPU.Build.0 = Release|Any CPU
		{2DB0EB85-4B01-4074-95D6-333A0741B377}.Debug|Any CPU.ActiveCfg = Debug|Any CPU
		{2DB0EB85-4B01-4074-95D6-333A0741B377}.Debug|Any CPU.Build.0 = Debug|Any CPU
		{2DB0EB85-4B01-4074-95D6-333A0741B377}.Release|Any CPU.ActiveCfg = Release|Any CPU
		{2DB0EB85-4B01-4074-95D6-333A0741B377}.Release|Any CPU.Build.0 = Release|Any CPU
		{059D8D98-615B-48D2-A6C4-EE3FAF9FCA86}.Debug|Any CPU.ActiveCfg = Debug|Any CPU
		{059D8D98-615B-48D2-A6C4-EE3FAF9FCA86}.Debug|Any CPU.Build.0 = Debug|Any CPU
		{059D8D98-615B-48D2-A6C4-EE3FAF9FCA86}.Release|Any CPU.ActiveCfg = Release|Any CPU
		{059D8D98-615B-48D2-A6C4-EE3FAF9FCA86}.Release|Any CPU.Build.0 = Release|Any CPU
	EndGlobalSection
	GlobalSection(NestedProjects) = preSolution
		{616C6B5A-48D6-48EE-BE2E-1640D3614887} = {F094EB5D-D3BB-449E-8DE3-C878594C3108}
		{4DBBE817-7080-4A0D-9C42-D52FB3177A1A} = {93C70554-2D58-410A-A297-7CB17CB83357}
		{C128A9CB-F96C-4571-95C8-430D134C55DB} = {93C70554-2D58-410A-A297-7CB17CB83357}
		{78AC700A-748B-46B3-B478-3767FAD89FE1} = {F094EB5D-D3BB-449E-8DE3-C878594C3108}
		{2DB0EB85-4B01-4074-95D6-333A0741B377} = {93C70554-2D58-410A-A297-7CB17CB83357}
		{059D8D98-615B-48D2-A6C4-EE3FAF9FCA86} = {0E26CEE7-AC68-46FF-9298-1E0497074AF4}
	EndGlobalSection
EndGlobal
